
Microsoft Visual Studio Solution File, Format Version 12.00
# Visual Studio Version 17
VisualStudioVersion = 17.4.33205.214
MinimumVisualStudioVersion = 10.0.40219.1
Project("{9A19103F-16F7-4668-BE54-9A1E7A4F7556}") = "HelloWorld", "HelloWorld.csproj", "{F2AD0213-D966-4BC3-A86E-BD5C1AB2F27D}"
EndProject
Project("{9A19103F-16F7-4668-BE54-9A1E7A4F7556}") = "Statement", "..\Statement\Statement.csproj", "{9A64B097-60AD-40CD-B79C-E2DEED3FEC68}"
EndProject
Project("{9A19103F-16F7-4668-BE54-9A1E7A4F7556}") = "Logic_Dasar", "..\Logic-Dasar\Logic_Dasar.csproj", "{CC93A47F-752B-443C-8BB0-8EF3781DE633}"
EndProject
Project("{9A19103F-16F7-4668-BE54-9A1E7A4F7556}") = "DataTypes", "..\DataTypes\DataTypes.csproj", "{959E0B37-143D-49E2-849E-8473F23127D7}"
EndProject
Project("{FAE04EC0-301F-11D3-BF4B-00C04F79EFBC}") = "LinqTutorurial", "..\LinqTutorurial\LinqTutorurial.csproj", "{15109657-5627-4420-BDD6-6E983B9DE3C5}"
EndProject
Project("{FAE04EC0-301F-11D3-BF4B-00C04F79EFBC}") = "Sample101Linq", "..\Sample101Linq\Sample101Linq.csproj", "{0B790DDF-A391-41A5-81EC-175FC0D3DE94}"
EndProject
Global
	GlobalSection(SolutionConfigurationPlatforms) = preSolution
		Debug|Any CPU = Debug|Any CPU
		Release|Any CPU = Release|Any CPU
	EndGlobalSection
	GlobalSection(ProjectConfigurationPlatforms) = postSolution
		{F2AD0213-D966-4BC3-A86E-BD5C1AB2F27D}.Debug|Any CPU.ActiveCfg = Debug|Any CPU
		{F2AD0213-D966-4BC3-A86E-BD5C1AB2F27D}.Debug|Any CPU.Build.0 = Debug|Any CPU
		{F2AD0213-D966-4BC3-A86E-BD5C1AB2F27D}.Release|Any CPU.ActiveCfg = Release|Any CPU
		{F2AD0213-D966-4BC3-A86E-BD5C1AB2F27D}.Release|Any CPU.Build.0 = Release|Any CPU
		{9A64B097-60AD-40CD-B79C-E2DEED3FEC68}.Debug|Any CPU.ActiveCfg = Debug|Any CPU
		{9A64B097-60AD-40CD-B79C-E2DEED3FEC68}.Debug|Any CPU.Build.0 = Debug|Any CPU
		{9A64B097-60AD-40CD-B79C-E2DEED3FEC68}.Release|Any CPU.ActiveCfg = Release|Any CPU
		{9A64B097-60AD-40CD-B79C-E2DEED3FEC68}.Release|Any CPU.Build.0 = Release|Any CPU
		{CC93A47F-752B-443C-8BB0-8EF3781DE633}.Debug|Any CPU.ActiveCfg = Debug|Any CPU
		{CC93A47F-752B-443C-8BB0-8EF3781DE633}.Debug|Any CPU.Build.0 = Debug|Any CPU
		{CC93A47F-752B-443C-8BB0-8EF3781DE633}.Release|Any CPU.ActiveCfg = Release|Any CPU
		{CC93A47F-752B-443C-8BB0-8EF3781DE633}.Release|Any CPU.Build.0 = Release|Any CPU
		{959E0B37-143D-49E2-849E-8473F23127D7}.Debug|Any CPU.ActiveCfg = Debug|Any CPU
		{959E0B37-143D-49E2-849E-8473F23127D7}.Debug|Any CPU.Build.0 = Debug|Any CPU
		{959E0B37-143D-49E2-849E-8473F23127D7}.Release|Any CPU.ActiveCfg = Release|Any CPU
		{959E0B37-143D-49E2-849E-8473F23127D7}.Release|Any CPU.Build.0 = Release|Any CPU
		{15109657-5627-4420-BDD6-6E983B9DE3C5}.Debug|Any CPU.ActiveCfg = Debug|Any CPU
		{15109657-5627-4420-BDD6-6E983B9DE3C5}.Debug|Any CPU.Build.0 = Debug|Any CPU
		{15109657-5627-4420-BDD6-6E983B9DE3C5}.Release|Any CPU.ActiveCfg = Release|Any CPU
		{15109657-5627-4420-BDD6-6E983B9DE3C5}.Release|Any CPU.Build.0 = Release|Any CPU
		{0B790DDF-A391-41A5-81EC-175FC0D3DE94}.Debug|Any CPU.ActiveCfg = Debug|Any CPU
		{0B790DDF-A391-41A5-81EC-175FC0D3DE94}.Debug|Any CPU.Build.0 = Debug|Any CPU
		{0B790DDF-A391-41A5-81EC-175FC0D3DE94}.Release|Any CPU.ActiveCfg = Release|Any CPU
		{0B790DDF-A391-41A5-81EC-175FC0D3DE94}.Release|Any CPU.Build.0 = Release|Any CPU
	EndGlobalSection
	GlobalSection(SolutionProperties) = preSolution
		HideSolutionNode = FALSE
	EndGlobalSection
	GlobalSection(ExtensibilityGlobals) = postSolution
		SolutionGuid = {1E17B980-7000-4739-81D5-BF9CB75AF4D8}
	EndGlobalSection
EndGlobal
